
Microsoft Visual Studio Solution File, Format Version 12.00
# Visual Studio Version 17
VisualStudioVersion = 17.3.32819.101
MinimumVisualStudioVersion = 10.0.40219.1
Project("{FAE04EC0-301F-11D3-BF4B-00C04F79EFBC}") = "casdoor-dotnet-winform-example", "casdoor-dotnet-winform-example\casdoor-dotnet-winform-example.csproj", "{6B995166-240E-4BEA-8259-6E2A6AF0AB57}"
EndProject
Global
	GlobalSection(SolutionConfigurationPlatforms) = preSolution
		Debug|Any CPU = Debug|Any CPU
		Release|Any CPU = Release|Any CPU
	EndGlobalSection
	GlobalSection(ProjectConfigurationPlatforms) = postSolution
		{6B995166-240E-4BEA-8259-6E2A6AF0AB57}.Debug|Any CPU.ActiveCfg = Debug|Any CPU
		{6B995166-240E-4BEA-8259-6E2A6AF0AB57}.Debug|Any CPU.Build.0 = Debug|Any CPU
		{6B995166-240E-4BEA-8259-6E2A6AF0AB57}.Release|Any CPU.ActiveCfg = Release|Any CPU
		{6B995166-240E-4BEA-8259-6E2A6AF0AB57}.Release|Any CPU.Build.0 = Release|Any CPU
	EndGlobalSection
	GlobalSection(SolutionProperties) = preSolution
		HideSolutionNode = FALSE
	EndGlobalSection
	GlobalSection(ExtensibilityGlobals) = postSolution
		SolutionGuid = {6D09FD07-F333-438C-9692-8C9BFEEB83D0}
	EndGlobalSection
EndGlobal
